
Microsoft Visual Studio Solution File, Format Version 12.00
# Visual Studio Version 16
VisualStudioVersion = 16.0.29721.120
MinimumVisualStudioVersion = 10.0.40219.1
Project("{9A19103F-16F7-4668-BE54-9A1E7A4F7556}") = "YoutubeDl.Wpf", "YoutubeDl.Wpf\YoutubeDl.Wpf.csproj", "{D9BA13D1-3A0C-4A10-A785-EE49767BE872}"
EndProject
Project("{FAE04EC0-301F-11D3-BF4B-00C04F79EFBC}") = "YoutubeDl.Wpf.Tests", "YoutubeDl.Wpf.Tests\YoutubeDl.Wpf.Tests.csproj", "{9C801388-1874-4317-B129-CF73024A02B3}"
EndProject
Global
	GlobalSection(SolutionConfigurationPlatforms) = preSolution
		Debug|Any CPU = Debug|Any CPU
		Release|Any CPU = Release|Any CPU
	EndGlobalSection
	GlobalSection(ProjectConfigurationPlatforms) = postSolution
		{D9BA13D1-3A0C-4A10-A785-EE49767BE872}.Debug|Any CPU.ActiveCfg = Debug|Any CPU
		{D9BA13D1-3A0C-4A10-A785-EE49767BE872}.Debug|Any CPU.Build.0 = Debug|Any CPU
		{D9BA13D1-3A0C-4A10-A785-EE49767BE872}.Release|Any CPU.ActiveCfg = Release|Any CPU
		{D9BA13D1-3A0C-4A10-A785-EE49767BE872}.Release|Any CPU.Build.0 = Release|Any CPU
		{9C801388-1874-4317-B129-CF73024A02B3}.Debug|Any CPU.ActiveCfg = Debug|Any CPU
		{9C801388-1874-4317-B129-CF73024A02B3}.Debug|Any CPU.Build.0 = Debug|Any CPU
		{9C801388-1874-4317-B129-CF73024A02B3}.Release|Any CPU.ActiveCfg = Release|Any CPU
		{9C801388-1874-4317-B129-CF73024A02B3}.Release|Any CPU.Build.0 = Release|Any CPU
	EndGlobalSection
	GlobalSection(SolutionProperties) = preSolution
		HideSolutionNode = FALSE
	EndGlobalSection
	GlobalSection(ExtensibilityGlobals) = postSolution
		SolutionGuid = {EEF3F4FD-B9C0-4AB3-BA2C-3F29D0F197BA}
	EndGlobalSection
EndGlobal
